// !$*UTF8*$!
{
	archiveVersion = 1;
	classes = {
	};
	objectVersion = 50;
	objects = {

/* Begin PBXBuildFile section */
		8B39415524C442A000423B21 /* Item.swift in Sources */ = {isa = PBXBuildFile; fileRef = 8B39415424C442A000423B21 /* Item.swift */; };
		8B39415824C442F200423B21 /* SidebarList.swift in Sources */ = {isa = PBXBuildFile; fileRef = 8B39415724C442F200423B21 /* SidebarList.swift */; };
		8B39415A24C4430C00423B21 /* ItemsList.swift in Sources */ = {isa = PBXBuildFile; fileRef = 8B39415924C4430C00423B21 /* ItemsList.swift */; };
		8B39415C24C443AC00423B21 /* FormList.swift in Sources */ = {isa = PBXBuildFile; fileRef = 8B39415B24C443AC00423B21 /* FormList.swift */; };
		8BC9609324C131E50067ED8C /* Outlines_DisclosuresApp.swift in Sources */ = {isa = PBXBuildFile; fileRef = 8BC9609224C131E50067ED8C /* Outlines_DisclosuresApp.swift */; };
		8BC9609524C131E50067ED8C /* ContentView.swift in Sources */ = {isa = PBXBuildFile; fileRef = 8BC9609424C131E50067ED8C /* ContentView.swift */; };
		8BC9609724C131E50067ED8C /* Assets.xcassets in Resources */ = {isa = PBXBuildFile; fileRef = 8BC9609624C131E50067ED8C /* Assets.xcassets */; };
		8BC9609A24C131E50067ED8C /* Preview Assets.xcassets in Resources */ = {isa = PBXBuildFile; fileRef = 8BC9609924C131E50067ED8C /* Preview Assets.xcassets */; };
/* End PBXBuildFile section */

/* Begin PBXFileReference section */
		8B39415424C442A000423B21 /* Item.swift */ = {isa = PBXFileReference; lastKnownFileType = sourcecode.swift; path = Item.swift; sourceTree = "<group>"; };
		8B39415724C442F200423B21 /* SidebarList.swift */ = {isa = PBXFileReference; lastKnownFileType = sourcecode.swift; path = SidebarList.swift; sourceTree = "<group>"; };
		8B39415924C4430C00423B21 /* ItemsList.swift */ = {isa = PBXFileReference; lastKnownFileType = sourcecode.swift; path = ItemsList.swift; sourceTree = "<group>"; };
		8B39415B24C443AC00423B21 /* FormList.swift */ = {isa = PBXFileReference; lastKnownFileType = sourcecode.swift; path = FormList.swift; sourceTree = "<group>"; };
		8BC9608F24C131E50067ED8C /* Outlines&Disclosures.app */ = {isa = PBXFileReference; explicitFileType = wrapper.application; includeInIndex = 0; path = "Outlines&Disclosures.app"; sourceTree = BUILT_PRODUCTS_DIR; };
		8BC9609224C131E50067ED8C /* Outlines_DisclosuresApp.swift */ = {isa = PBXFileReference; lastKnownFileType = sourcecode.swift; path = Outlines_DisclosuresApp.swift; sourceTree = "<group>"; };
		8BC9609424C131E50067ED8C /* ContentView.swift */ = {isa = PBXFileReference; lastKnownFileType = sourcecode.swift; path = ContentView.swift; sourceTree = "<group>"; };
		8BC9609624C131E50067ED8C /* Assets.xcassets */ = {isa = PBXFileReference; lastKnownFileType = folder.assetcatalog; path = Assets.xcassets; sourceTree = "<group>"; };
		8BC9609924C131E50067ED8C /* Preview Assets.xcassets */ = {isa = PBXFileReference; lastKnownFileType = folder.assetcatalog; path = "Preview Assets.xcassets"; sourceTree = "<group>"; };
		8BC9609B24C131E50067ED8C /* Info.plist */ = {isa = PBXFileReference; lastKnownFileType = text.plist.xml; path = Info.plist; sourceTree = "<group>"; };
/* End PBXFileReference section */

/* Begin PBXFrameworksBuildPhase section */
		8BC9608C24C131E50067ED8C /* Frameworks */ = {
			isa = PBXFrameworksBuildPhase;
			buildActionMask = 2147483647;
			files = (
			);
			runOnlyForDeploymentPostprocessing = 0;
		};
/* End PBXFrameworksBuildPhase section */

/* Begin PBXGroup section */
		8B39415324C4426B00423B21 /* Models */ = {
			isa = PBXGroup;
			children = (
				8B39415424C442A000423B21 /* Item.swift */,
			);
			path = Models;
			sourceTree = "<group>";
		};
		8B39415624C442B100423B21 /* Views */ = {
			isa = PBXGroup;
			children = (
				8BC9609424C131E50067ED8C /* ContentView.swift */,
				8B39415724C442F200423B21 /* SidebarList.swift */,
				8B39415924C4430C00423B21 /* ItemsList.swift */,
				8B39415B24C443AC00423B21 /* FormList.swift */,
			);
			path = Views;
			sourceTree = "<group>";
		};
		8BC9608624C131E50067ED8C = {
			isa = PBXGroup;
			children = (
				8BC9609124C131E50067ED8C /* Outlines&Disclosures */,
				8BC9609024C131E50067ED8C /* Products */,
			);
			sourceTree = "<group>";
		};
		8BC9609024C131E50067ED8C /* Products */ = {
			isa = PBXGroup;
			children = (
				8BC9608F24C131E50067ED8C /* Outlines&Disclosures.app */,
			);
			name = Products;
			sourceTree = "<group>";
		};
		8BC9609124C131E50067ED8C /* Outlines&Disclosures */ = {
			isa = PBXGroup;
			children = (
				8BC9609224C131E50067ED8C /* Outlines_DisclosuresApp.swift */,
				8B39415624C442B100423B21 /* Views */,
				8B39415324C4426B00423B21 /* Models */,
				8BC9609624C131E50067ED8C /* Assets.xcassets */,
				8BC9609B24C131E50067ED8C /* Info.plist */,
				8BC9609824C131E50067ED8C /* Preview Content */,
			);
			path = "Outlines&Disclosures";
			sourceTree = "<group>";
		};
		8BC9609824C131E50067ED8C /* Preview Content */ = {
			isa = PBXGroup;
			children = (
				8BC9609924C131E50067ED8C /* Preview Assets.xcassets */,
			);
			path = "Preview Content";
			sourceTree = "<group>";
		};
/* End PBXGroup section */

/* Begin PBXNativeTarget section */
		8BC9608E24C131E50067ED8C /* Outlines&Disclosures */ = {
			isa = PBXNativeTarget;
			buildConfigurationList = 8BC9609E24C131E50067ED8C /* Build configuration list for PBXNativeTarget "Outlines&Disclosures" */;
			buildPhases = (
				8BC9608B24C131E50067ED8C /* Sources */,
				8BC9608C24C131E50067ED8C /* Frameworks */,
				8BC9608D24C131E50067ED8C /* Resources */,
			);
			buildRules = (
			);
			dependencies = (
			);
			name = "Outlines&Disclosures";
			productName = "Outlines&Disclosures";
			productReference = 8BC9608F24C131E50067ED8C /* Outlines&Disclosures.app */;
			productType = "com.apple.product-type.application";
		};
/* End PBXNativeTarget section */

/* Begin PBXProject section */
		8BC9608724C131E50067ED8C /* Project object */ = {
			isa = PBXProject;
			attributes = {
				LastSwiftUpdateCheck = 1200;
				LastUpgradeCheck = 1200;
				TargetAttributes = {
					8BC9608E24C131E50067ED8C = {
						CreatedOnToolsVersion = 12.0;
					};
				};
			};
			buildConfigurationList = 8BC9608A24C131E50067ED8C /* Build configuration list for PBXProject "Outlines&Disclosures" */;
			compatibilityVersion = "Xcode 9.3";
			developmentRegion = en;
			hasScannedForEncodings = 0;
			knownRegions = (
				en,
				Base,
			);
			mainGroup = 8BC9608624C131E50067ED8C;
			productRefGroup = 8BC9609024C131E50067ED8C /* Products */;
			projectDirPath = "";
			projectRoot = "";
			targets = (
				8BC9608E24C131E50067ED8C /* Outlines&Disclosures */,
			);
		};
/* End PBXProject section */

/* Begin PBXResourcesBuildPhase section */
		8BC9608D24C131E50067ED8C /* Resources */ = {
			isa = PBXResourcesBuildPhase;
			buildActionMask = 2147483647;
			files = (
				8BC9609A24C131E50067ED8C /* Preview Assets.xcassets in Resources */,
				8BC9609724C131E50067ED8C /* Assets.xcassets in Resources */,
			);
			runOnlyForDeploymentPostprocessing = 0;
		};
/* End PBXResourcesBuildPhase section */

/* Begin PBXSourcesBuildPhase section */
		8BC9608B24C131E50067ED8C /* Sources */ = {
			isa = PBXSourcesBuildPhase;
			buildActionMask = 2147483647;
			files = (
				8B39415A24C4430C00423B21 /* ItemsList.swift in Sources */,
				8B39415C24C443AC00423B21 /* FormList.swift in Sources */,
				8B39415824C442F200423B21 /* SidebarList.swift in Sources */,
				8BC9609524C131E50067ED8C /* ContentView.swift in Sources */,
				8B39415524C442A000423B21 /* Item.swift in Sources */,
				8BC9609324C131E50067ED8C /* Outlines_DisclosuresApp.swift in Sources */,
			);
			runOnlyForDeploymentPostprocessing = 0;
		};
/* End PBXSourcesBuildPhase section */

/* Begin XCBuildConfiguration section */
		8BC9609C24C131E50067ED8C /* Debug */ = {
			isa = XCBuildConfiguration;
			buildSettings = {
				ALWAYS_SEARCH_USER_PATHS = NO;
				CLANG_ANALYZER_NONNULL = YES;
				CLANG_ANALYZER_NUMBER_OBJECT_CONVERSION = YES_AGGRESSIVE;
				CLANG_CXX_LANGUAGE_STANDARD = "gnu++14";
				CLANG_CXX_LIBRARY = "libc++";
				CLANG_ENABLE_MODULES = YES;
				CLANG_ENABLE_OBJC_ARC = YES;
				CLANG_ENABLE_OBJC_WEAK = YES;
				CLANG_WARN_BLOCK_CAPTURE_AUTORELEASING = YES;
				CLANG_WARN_BOOL_CONVERSION = YES;
				CLANG_WARN_COMMA = YES;
				CLANG_WARN_CONSTANT_CONVERSION = YES;
				CLANG_WARN_DEPRECATED_OBJC_IMPLEMENTATIONS = YES;
				CLANG_WARN_DIRECT_OBJC_ISA_USAGE = YES_ERROR;
				CLANG_WARN_DOCUMENTATION_COMMENTS = YES;
				CLANG_WARN_EMPTY_BODY = YES;
				CLANG_WARN_ENUM_CONVERSION = YES;
				CLANG_WARN_INFINITE_RECURSION = YES;
				CLANG_WARN_INT_CONVERSION = YES;
				CLANG_WARN_NON_LITERAL_NULL_CONVERSION = YES;
				CLANG_WARN_OBJC_IMPLICIT_RETAIN_SELF = YES;
				CLANG_WARN_OBJC_LITERAL_CONVERSION = YES;
				CLANG_WARN_OBJC_ROOT_CLASS = YES_ERROR;
				CLANG_WARN_QUOTED_INCLUDE_IN_FRAMEWORK_HEADER = YES;
				CLANG_WARN_RANGE_LOOP_ANALYSIS = YES;
				CLANG_WARN_STRICT_PROTOTYPES = YES;
				CLANG_WARN_SUSPICIOUS_MOVE = YES;
				CLANG_WARN_UNGUARDED_AVAILABILITY = YES_AGGRESSIVE;
				CLANG_WARN_UNREACHABLE_CODE = YES;
				CLANG_WARN__DUPLICATE_METHOD_MATCH = YES;
				COPY_PHASE_STRIP = NO;
				DEBUG_INFORMATION_FORMAT = dwarf;
				ENABLE_STRICT_OBJC_MSGSEND = YES;
				ENABLE_TESTABILITY = YES;
				GCC_C_LANGUAGE_STANDARD = gnu11;
				GCC_DYNAMIC_NO_PIC = NO;
				GCC_NO_COMMON_BLOCKS = YES;
				GCC_OPTIMIZATION_LEVEL = 0;
				GCC_PREPROCESSOR_DEFINITIONS = (
					"DEBUG=1",
					"$(inherited)",
				);
				GCC_WARN_64_TO_32_BIT_CONVERSION = YES;
				GCC_WARN_ABOUT_RETURN_TYPE = YES_ERROR;
				GCC_WARN_UNDECLARED_SELECTOR = YES;
				GCC_WARN_UNINITIALIZED_AUTOS = YES_AGGRESSIVE;
				GCC_WARN_UNUSED_FUNCTION = YES;
				GCC_WARN_UNUSED_VARIABLE = YES;
				IPHONEOS_DEPLOYMENT_TARGET = 14.0;
				MTL_ENABLE_DEBUG_INFO = INCLUDE_SOURCE;
				MTL_FAST_MATH = YES;
				ONLY_ACTIVE_ARCH = YES;
				SDKROOT = iphoneos;
				SWIFT_ACTIVE_COMPILATION_CONDITIONS = DEBUG;
				SWIFT_OPTIMIZATION_LEVEL = "-Onone";
			};
			name = Debug;
		};
		8BC9609D24C131E50067ED8C /* Release */ = {
			isa = XCBuildConfiguration;
			buildSettings = {
				ALWAYS_SEARCH_USER_PATHS = NO;
				CLANG_ANALYZER_NONNULL = YES;
				CLANG_ANALYZER_NUMBER_OBJECT_CONVERSION = YES_AGGRESSIVE;
				CLANG_CXX_LANGUAGE_STANDARD = "gnu++14";
				CLANG_CXX_LIBRARY = "libc++";
				CLANG_ENABLE_MODULES = YES;
				CLANG_ENABLE_OBJC_ARC = YES;
				CLANG_ENABLE_OBJC_WEAK = YES;
				CLANG_WARN_BLOCK_CAPTURE_AUTORELEASING = YES;
				CLANG_WARN_BOOL_CONVERSION = YES;
				CLANG_WARN_COMMA = YES;
				CLANG_WARN_CONSTANT_CONVERSION = YES;
				CLANG_WARN_DEPRECATED_OBJC_IMPLEMENTATIONS = YES;
				CLANG_WARN_DIRECT_OBJC_ISA_USAGE = YES_ERROR;
				CLANG_WARN_DOCUMENTATION_COMMENTS = YES;
				CLANG_WARN_EMPTY_BODY = YES;
				CLANG_WARN_ENUM_CONVERSION = YES;
				CLANG_WARN_INFINITE_RECURSION = YES;
				CLANG_WARN_INT_CONVERSION = YES;
				CLANG_WARN_NON_LITERAL_NULL_CONVERSION = YES;
				CLANG_WARN_OBJC_IMPLICIT_RETAIN_SELF = YES;
				CLANG_WARN_OBJC_LITERAL_CONVERSION = YES;
				CLANG_WARN_OBJC_ROOT_CLASS = YES_ERROR;
				CLANG_WARN_QUOTED_INCLUDE_IN_FRAMEWORK_HEADER = YES;
				CLANG_WARN_RANGE_LOOP_ANALYSIS = YES;
				CLANG_WARN_STRICT_PROTOTYPES = YES;
				CLANG_WARN_SUSPICIOUS_MOVE = YES;
				CLANG_WARN_UNGUARDED_AVAILABILITY = YES_AGGRESSIVE;
				CLANG_WARN_UNREACHABLE_CODE = YES;
				CLANG_WARN__DUPLICATE_METHOD_MATCH = YES;
				COPY_PHASE_STRIP = NO;
				DEBUG_INFORMATION_FORMAT = "dwarf-with-dsym";
				ENABLE_NS_ASSERTIONS = NO;
				ENABLE_STRICT_OBJC_MSGSEND = YES;
				GCC_C_LANGUAGE_STANDARD = gnu11;
				GCC_NO_COMMON_BLOCKS = YES;
				GCC_WARN_64_TO_32_BIT_CONVERSION = YES;
				GCC_WARN_ABOUT_RETURN_TYPE = YES_ERROR;
				GCC_WARN_UNDECLARED_SELECTOR = YES;
				GCC_WARN_UNINITIALIZED_AUTOS = YES_AGGRESSIVE;
				GCC_WARN_UNUSED_FUNCTION = YES;
				GCC_WARN_UNUSED_VARIABLE = YES;
				IPHONEOS_DEPLOYMENT_TARGET = 14.0;
				MTL_ENABLE_DEBUG_INFO = NO;
				MTL_FAST_MATH = YES;
				SDKROOT = iphoneos;
				SWIFT_COMPILATION_MODE = wholemodule;
				SWIFT_OPTIMIZATION_LEVEL = "-O";
				VALIDATE_PRODUCT = YES;
			};
			name = Release;
		};
		8BC9609F24C131E50067ED8C /* Debug */ = {
			isa = XCBuildConfiguration;
			buildSettings = {
				ASSETCATALOG_COMPILER_APPICON_NAME = AppIcon;
				ASSETCATALOG_COMPILER_GLOBAL_ACCENT_COLOR_NAME = AccentColor;
				CODE_SIGN_STYLE = Automatic;
				DEVELOPMENT_ASSET_PATHS = "\"Outlines&Disclosures/Preview Content\"";
				DEVELOPMENT_TEAM = 5C2XD9H2JS;
				ENABLE_PREVIEWS = YES;
				INFOPLIST_FILE = "Outlines&Disclosures/Info.plist";
				IPHONEOS_DEPLOYMENT_TARGET = 14.0;
				LD_RUNPATH_SEARCH_PATHS = (
					"$(inherited)",
					"@executable_path/Frameworks",
				);
				PRODUCT_BUNDLE_IDENTIFIER = "com.alfianlosari.Outlines-Disclosures";
				PRODUCT_NAME = "$(TARGET_NAME)";
				SWIFT_VERSION = 5.0;
				TARGETED_DEVICE_FAMILY = "1,2";
			};
			name = Debug;
		};
		8BC960A024C131E50067ED8C /* Release */ = {
			isa = XCBuildConfiguration;
			buildSettings = {
				ASSETCATALOG_COMPILER_APPICON_NAME = AppIcon;
				ASSETCATALOG_COMPILER_GLOBAL_ACCENT_COLOR_NAME = AccentColor;
				CODE_SIGN_STYLE = Automatic;
				DEVELOPMENT_ASSET_PATHS = "\"Outlines&Disclosures/Preview Content\"";
				DEVELOPMENT_TEAM = 5C2XD9H2JS;
				ENABLE_PREVIEWS = YES;
				INFOPLIST_FILE = "Outlines&Disclosures/Info.plist";
				IPHONEOS_DEPLOYMENT_TARGET = 14.0;
				LD_RUNPATH_SEARCH_PATHS = (
					"$(inherited)",
					"@executable_path/Frameworks",
				);
				PRODUCT_BUNDLE_IDENTIFIER = "com.alfianlosari.Outlines-Disclosures";
				PRODUCT_NAME = "$(TARGET_NAME)";
				SWIFT_VERSION = 5.0;
				TARGETED_DEVICE_FAMILY = "1,2";
			};
			name = Release;
		};
/* End XCBuildConfiguration section */

/* Begin XCConfigurationList section */
		8BC9608A24C131E50067ED8C /* Build configuration list for PBXProject "Outlines&Disclosures" */ = {
			isa = XCConfigurationList;
			buildConfigurations = (
				8BC9609C24C131E50067ED8C /* Debug */,
				8BC9609D24C131E50067ED8C /* Release */,
			);
			defaultConfigurationIsVisible = 0;
			defaultConfigurationName = Release;
		};
		8BC9609E24C131E50067ED8C /* Build configuration list for PBXNativeTarget "Outlines&Disclosures" */ = {
			isa = XCConfigurationList;
			buildConfigurations = (
				8BC9609F24C131E50067ED8C /* Debug */,
				8BC960A024C131E50067ED8C /* Release */,
			);
			defaultConfigurationIsVisible = 0;
			defaultConfigurationName = Release;
		};
/* End XCConfigurationList section */
	};
	rootObject = 8BC9608724C131E50067ED8C /* Project object */;
}
